
Microsoft Visual Studio Solution File, Format Version 12.00
# Visual Studio Version 16
VisualStudioVersion = 16.0.30907.101
MinimumVisualStudioVersion = 10.0.40219.1
Project("{FAE04EC0-301F-11D3-BF4B-00C04F79EFBC}") = "Basic", "Basic\Basic.csproj", "{4E59350B-0B85-4238-B2A6-1595111044AA}"
EndProject
Global
	GlobalSection(SolutionConfigurationPlatforms) = preSolution
		Debug|Any CPU = Debug|Any CPU
		Release|Any CPU = Release|Any CPU
	EndGlobalSection
	GlobalSection(ProjectConfigurationPlatforms) = postSolution
		{4E59350B-0B85-4238-B2A6-1595111044AA}.Debug|Any CPU.ActiveCfg = Debug|Any CPU
		{4E59350B-0B85-4238-B2A6-1595111044AA}.Debug|Any CPU.Build.0 = Debug|Any CPU
		{4E59350B-0B85-4238-B2A6-1595111044AA}.Release|Any CPU.ActiveCfg = Release|Any CPU
		{4E59350B-0B85-4238-B2A6-1595111044AA}.Release|Any CPU.Build.0 = Release|Any CPU
	EndGlobalSection
	GlobalSection(SolutionProperties) = preSolution
		HideSolutionNode = FALSE
	EndGlobalSection
	GlobalSection(ExtensibilityGlobals) = postSolution
		SolutionGuid = {61754127-9122-4726-B49A-93D09CA397CB}
	EndGlobalSection
EndGlobal
